// !$*UTF8*$!
{
	archiveVersion = 1;
	classes = {
	};
	objectVersion = 50;
	objects = {

/* Begin PBXBuildFile section */
		8D6A272C22E9A028000A5D38 /* AppDelegate.m in Sources */ = {isa = PBXBuildFile; fileRef = 8D6A272B22E9A028000A5D38 /* AppDelegate.m */; };
		8D6A272F22E9A028000A5D38 /* ViewController.m in Sources */ = {isa = PBXBuildFile; fileRef = 8D6A272E22E9A028000A5D38 /* ViewController.m */; };
		8D6A273222E9A028000A5D38 /* Main.storyboard in Resources */ = {isa = PBXBuildFile; fileRef = 8D6A273022E9A028000A5D38 /* Main.storyboard */; };
		8D6A273422E9A029000A5D38 /* Assets.xcassets in Resources */ = {isa = PBXBuildFile; fileRef = 8D6A273322E9A029000A5D38 /* Assets.xcassets */; };
		8D6A273722E9A029000A5D38 /* LaunchScreen.storyboard in Resources */ = {isa = PBXBuildFile; fileRef = 8D6A273522E9A029000A5D38 /* LaunchScreen.storyboard */; };
		8D6A273A22E9A029000A5D38 /* main.m in Sources */ = {isa = PBXBuildFile; fileRef = 8D6A273922E9A029000A5D38 /* main.m */; };
		8D6A274422E9A029000A5D38 /* TestSuperTests.m in Sources */ = {isa = PBXBuildFile; fileRef = 8D6A274322E9A029000A5D38 /* TestSuperTests.m */; };
		8D6A274F22E9A029000A5D38 /* TestSuperUITests.m in Sources */ = {isa = PBXBuildFile; fileRef = 8D6A274E22E9A029000A5D38 /* TestSuperUITests.m */; };
		8D6A276022E9A035000A5D38 /* Person.m in Sources */ = {isa = PBXBuildFile; fileRef = 8D6A275C22E9A035000A5D38 /* Person.m */; };
		8D6A276122E9A035000A5D38 /* Son.m in Sources */ = {isa = PBXBuildFile; fileRef = 8D6A275E22E9A035000A5D38 /* Son.m */; };
/* End PBXBuildFile section */

/* Begin PBXContainerItemProxy section */
		8D6A274022E9A029000A5D38 /* PBXContainerItemProxy */ = {
			isa = PBXContainerItemProxy;
			containerPortal = 8D6A271F22E9A028000A5D38 /* Project object */;
			proxyType = 1;
			remoteGlobalIDString = 8D6A272622E9A028000A5D38;
			remoteInfo = TestSuper;
		};
		8D6A274B22E9A029000A5D38 /* PBXContainerItemProxy */ = {
			isa = PBXContainerItemProxy;
			containerPortal = 8D6A271F22E9A028000A5D38 /* Project object */;
			proxyType = 1;
			remoteGlobalIDString = 8D6A272622E9A028000A5D38;
			remoteInfo = TestSuper;
		};
/* End PBXContainerItemProxy section */

/* Begin PBXFileReference section */
		8D6A272722E9A028000A5D38 /* TestSuper.app */ = {isa = PBXFileReference; explicitFileType = wrapper.application; includeInIndex = 0; path = TestSuper.app; sourceTree = BUILT_PRODUCTS_DIR; };
		8D6A272A22E9A028000A5D38 /* AppDelegate.h */ = {isa = PBXFileReference; lastKnownFileType = sourcecode.c.h; path = AppDelegate.h; sourceTree = "<group>"; };
		8D6A272B22E9A028000A5D38 /* AppDelegate.m */ = {isa = PBXFileReference; lastKnownFileType = sourcecode.c.objc; path = AppDelegate.m; sourceTree = "<group>"; };
		8D6A272D22E9A028000A5D38 /* ViewController.h */ = {isa = PBXFileReference; lastKnownFileType = sourcecode.c.h; path = ViewController.h; sourceTree = "<group>"; };
		8D6A272E22E9A028000A5D38 /* ViewController.m */ = {isa = PBXFileReference; lastKnownFileType = sourcecode.c.objc; path = ViewController.m; sourceTree = "<group>"; };
		8D6A273122E9A028000A5D38 /* Base */ = {isa = PBXFileReference; lastKnownFileType = file.storyboard; name = Base; path = Base.lproj/Main.storyboard; sourceTree = "<group>"; };
		8D6A273322E9A029000A5D38 /* Assets.xcassets */ = {isa = PBXFileReference; lastKnownFileType = folder.assetcatalog; path = Assets.xcassets; sourceTree = "<group>"; };
		8D6A273622E9A029000A5D38 /* Base */ = {isa = PBXFileReference; lastKnownFileType = file.storyboard; name = Base; path = Base.lproj/LaunchScreen.storyboard; sourceTree = "<group>"; };
		8D6A273822E9A029000A5D38 /* Info.plist */ = {isa = PBXFileReference; lastKnownFileType = text.plist.xml; path = Info.plist; sourceTree = "<group>"; };
		8D6A273922E9A029000A5D38 /* main.m */ = {isa = PBXFileReference; lastKnownFileType = sourcecode.c.objc; path = main.m; sourceTree = "<group>"; };
		8D6A273F22E9A029000A5D38 /* TestSuperTests.xctest */ = {isa = PBXFileReference; explicitFileType = wrapper.cfbundle; includeInIndex = 0; path = TestSuperTests.xctest; sourceTree = BUILT_PRODUCTS_DIR; };
		8D6A274322E9A029000A5D38 /* TestSuperTests.m */ = {isa = PBXFileReference; lastKnownFileType = sourcecode.c.objc; path = TestSuperTests.m; sourceTree = "<group>"; };
		8D6A274522E9A029000A5D38 /* Info.plist */ = {isa = PBXFileReference; lastKnownFileType = text.plist.xml; path = Info.plist; sourceTree = "<group>"; };
		8D6A274A22E9A029000A5D38 /* TestSuperUITests.xctest */ = {isa = PBXFileReference; explicitFileType = wrapper.cfbundle; includeInIndex = 0; path = TestSuperUITests.xctest; sourceTree = BUILT_PRODUCTS_DIR; };
		8D6A274E22E9A029000A5D38 /* TestSuperUITests.m */ = {isa = PBXFileReference; lastKnownFileType = sourcecode.c.objc; path = TestSuperUITests.m; sourceTree = "<group>"; };
		8D6A275022E9A029000A5D38 /* Info.plist */ = {isa = PBXFileReference; lastKnownFileType = text.plist.xml; path = Info.plist; sourceTree = "<group>"; };
		8D6A275C22E9A035000A5D38 /* Person.m */ = {isa = PBXFileReference; fileEncoding = 4; lastKnownFileType = sourcecode.c.objc; path = Person.m; sourceTree = "<group>"; };
		8D6A275D22E9A035000A5D38 /* Son.h */ = {isa = PBXFileReference; fileEncoding = 4; lastKnownFileType = sourcecode.c.h; path = Son.h; sourceTree = "<group>"; };
		8D6A275E22E9A035000A5D38 /* Son.m */ = {isa = PBXFileReference; fileEncoding = 4; lastKnownFileType = sourcecode.c.objc; path = Son.m; sourceTree = "<group>"; };
		8D6A275F22E9A035000A5D38 /* Person.h */ = {isa = PBXFileReference; fileEncoding = 4; lastKnownFileType = sourcecode.c.h; path = Person.h; sourceTree = "<group>"; };
/* End PBXFileReference section */

/* Begin PBXFrameworksBuildPhase section */
		8D6A272422E9A028000A5D38 /* Frameworks */ = {
			isa = PBXFrameworksBuildPhase;
			buildActionMask = 2147483647;
			files = (
			);
			runOnlyForDeploymentPostprocessing = 0;
		};
		8D6A273C22E9A029000A5D38 /* Frameworks */ = {
			isa = PBXFrameworksBuildPhase;
			buildActionMask = 2147483647;
			files = (
			);
			runOnlyForDeploymentPostprocessing = 0;
		};
		8D6A274722E9A029000A5D38 /* Frameworks */ = {
			isa = PBXFrameworksBuildPhase;
			buildActionMask = 2147483647;
			files = (
			);
			runOnlyForDeploymentPostprocessing = 0;
		};
/* End PBXFrameworksBuildPhase section */

/* Begin PBXGroup section */
		8D6A271E22E9A028000A5D38 = {
			isa = PBXGroup;
			children = (
				8D6A272922E9A028000A5D38 /* TestSuper */,
				8D6A274222E9A029000A5D38 /* TestSuperTests */,
				8D6A274D22E9A029000A5D38 /* TestSuperUITests */,
				8D6A272822E9A028000A5D38 /* Products */,
			);
			sourceTree = "<group>";
		};
		8D6A272822E9A028000A5D38 /* Products */ = {
			isa = PBXGroup;
			children = (
				8D6A272722E9A028000A5D38 /* TestSuper.app */,
				8D6A273F22E9A029000A5D38 /* TestSuperTests.xctest */,
				8D6A274A22E9A029000A5D38 /* TestSuperUITests.xctest */,
			);
			name = Products;
			sourceTree = "<group>";
		};
		8D6A272922E9A028000A5D38 /* TestSuper */ = {
			isa = PBXGroup;
			children = (
				8D6A272A22E9A028000A5D38 /* AppDelegate.h */,
				8D6A272B22E9A028000A5D38 /* AppDelegate.m */,
				8D6A272D22E9A028000A5D38 /* ViewController.h */,
				8D6A272E22E9A028000A5D38 /* ViewController.m */,
				8D6A275F22E9A035000A5D38 /* Person.h */,
				8D6A275C22E9A035000A5D38 /* Person.m */,
				8D6A275D22E9A035000A5D38 /* Son.h */,
				8D6A275E22E9A035000A5D38 /* Son.m */,
				8D6A273022E9A028000A5D38 /* Main.storyboard */,
				8D6A273322E9A029000A5D38 /* Assets.xcassets */,
				8D6A273522E9A029000A5D38 /* LaunchScreen.storyboard */,
				8D6A273822E9A029000A5D38 /* Info.plist */,
				8D6A273922E9A029000A5D38 /* main.m */,
			);
			path = TestSuper;
			sourceTree = "<group>";
		};
		8D6A274222E9A029000A5D38 /* TestSuperTests */ = {
			isa = PBXGroup;
			children = (
				8D6A274322E9A029000A5D38 /* TestSuperTests.m */,
				8D6A274522E9A029000A5D38 /* Info.plist */,
			);
			path = TestSuperTests;
			sourceTree = "<group>";
		};
		8D6A274D22E9A029000A5D38 /* TestSuperUITests */ = {
			isa = PBXGroup;
			children = (
				8D6A274E22E9A029000A5D38 /* TestSuperUITests.m */,
				8D6A275022E9A029000A5D38 /* Info.plist */,
			);
			path = TestSuperUITests;
			sourceTree = "<group>";
		};
/* End PBXGroup section */

/* Begin PBXNativeTarget section */
		8D6A272622E9A028000A5D38 /* TestSuper */ = {
			isa = PBXNativeTarget;
			buildConfigurationList = 8D6A275322E9A029000A5D38 /* Build configuration list for PBXNativeTarget "TestSuper" */;
			buildPhases = (
				8D6A272322E9A028000A5D38 /* Sources */,
				8D6A272422E9A028000A5D38 /* Frameworks */,
				8D6A272522E9A028000A5D38 /* Resources */,
			);
			buildRules = (
			);
			dependencies = (
			);
			name = TestSuper;
			productName = TestSuper;
			productReference = 8D6A272722E9A028000A5D38 /* TestSuper.app */;
			productType = "com.apple.product-type.application";
		};
		8D6A273E22E9A029000A5D38 /* TestSuperTests */ = {
			isa = PBXNativeTarget;
			buildConfigurationList = 8D6A275622E9A029000A5D38 /* Build configuration list for PBXNativeTarget "TestSuperTests" */;
			buildPhases = (
				8D6A273B22E9A029000A5D38 /* Sources */,
				8D6A273C22E9A029000A5D38 /* Frameworks */,
				8D6A273D22E9A029000A5D38 /* Resources */,
			);
			buildRules = (
			);
			dependencies = (
				8D6A274122E9A029000A5D38 /* PBXTargetDependency */,
			);
			name = TestSuperTests;
			productName = TestSuperTests;
			productReference = 8D6A273F22E9A029000A5D38 /* TestSuperTests.xctest */;
			productType = "com.apple.product-type.bundle.unit-test";
		};
		8D6A274922E9A029000A5D38 /* TestSuperUITests */ = {
			isa = PBXNativeTarget;
			buildConfigurationList = 8D6A275922E9A029000A5D38 /* Build configuration list for PBXNativeTarget "TestSuperUITests" */;
			buildPhases = (
				8D6A274622E9A029000A5D38 /* Sources */,
				8D6A274722E9A029000A5D38 /* Frameworks */,
				8D6A274822E9A029000A5D38 /* Resources */,
			);
			buildRules = (
			);
			dependencies = (
				8D6A274C22E9A029000A5D38 /* PBXTargetDependency */,
			);
			name = TestSuperUITests;
			productName = TestSuperUITests;
			productReference = 8D6A274A22E9A029000A5D38 /* TestSuperUITests.xctest */;
			productType = "com.apple.product-type.bundle.ui-testing";
		};
/* End PBXNativeTarget section */

/* Begin PBXProject section */
		8D6A271F22E9A028000A5D38 /* Project object */ = {
			isa = PBXProject;
			attributes = {
				LastUpgradeCheck = 1010;
				ORGANIZATIONNAME = fangshufeng;
				TargetAttributes = {
					8D6A272622E9A028000A5D38 = {
						CreatedOnToolsVersion = 10.1;
					};
					8D6A273E22E9A029000A5D38 = {
						CreatedOnToolsVersion = 10.1;
						TestTargetID = 8D6A272622E9A028000A5D38;
					};
					8D6A274922E9A029000A5D38 = {
						CreatedOnToolsVersion = 10.1;
						TestTargetID = 8D6A272622E9A028000A5D38;
					};
				};
			};
			buildConfigurationList = 8D6A272222E9A028000A5D38 /* Build configuration list for PBXProject "TestSuper" */;
			compatibilityVersion = "Xcode 9.3";
			developmentRegion = en;
			hasScannedForEncodings = 0;
			knownRegions = (
				en,
				Base,
			);
			mainGroup = 8D6A271E22E9A028000A5D38;
			productRefGroup = 8D6A272822E9A028000A5D38 /* Products */;
			projectDirPath = "";
			projectRoot = "";
			targets = (
				8D6A272622E9A028000A5D38 /* TestSuper */,
				8D6A273E22E9A029000A5D38 /* TestSuperTests */,
				8D6A274922E9A029000A5D38 /* TestSuperUITests */,
			);
		};
/* End PBXProject section */

/* Begin PBXResourcesBuildPhase section */
		8D6A272522E9A028000A5D38 /* Resources */ = {
			isa = PBXResourcesBuildPhase;
			buildActionMask = 2147483647;
			files = (
				8D6A273722E9A029000A5D38 /* LaunchScreen.storyboard in Resources */,
				8D6A273422E9A029000A5D38 /* Assets.xcassets in Resources */,
				8D6A273222E9A028000A5D38 /* Main.storyboard in Resources */,
			);
			runOnlyForDeploymentPostprocessing = 0;
		};
		8D6A273D22E9A029000A5D38 /* Resources */ = {
			isa = PBXResourcesBuildPhase;
			buildActionMask = 2147483647;
			files = (
			);
			runOnlyForDeploymentPostprocessing = 0;
		};
		8D6A274822E9A029000A5D38 /* Resources */ = {
			isa = PBXResourcesBuildPhase;
			buildActionMask = 2147483647;
			files = (
			);
			runOnlyForDeploymentPostprocessing = 0;
		};
/* End PBXResourcesBuildPhase section */

/* Begin PBXSourcesBuildPhase section */
		8D6A272322E9A028000A5D38 /* Sources */ = {
			isa = PBXSourcesBuildPhase;
			buildActionMask = 2147483647;
			files = (
				8D6A272F22E9A028000A5D38 /* ViewController.m in Sources */,
				8D6A276122E9A035000A5D38 /* Son.m in Sources */,
				8D6A273A22E9A029000A5D38 /* main.m in Sources */,
				8D6A276022E9A035000A5D38 /* Person.m in Sources */,
				8D6A272C22E9A028000A5D38 /* AppDelegate.m in Sources */,
			);
			runOnlyForDeploymentPostprocessing = 0;
		};
		8D6A273B22E9A029000A5D38 /* Sources */ = {
			isa = PBXSourcesBuildPhase;
			buildActionMask = 2147483647;
			files = (
				8D6A274422E9A029000A5D38 /* TestSuperTests.m in Sources */,
			);
			runOnlyForDeploymentPostprocessing = 0;
		};
		8D6A274622E9A029000A5D38 /* Sources */ = {
			isa = PBXSourcesBuildPhase;
			buildActionMask = 2147483647;
			files = (
				8D6A274F22E9A029000A5D38 /* TestSuperUITests.m in Sources */,
			);
			runOnlyForDeploymentPostprocessing = 0;
		};
/* End PBXSourcesBuildPhase section */

/* Begin PBXTargetDependency section */
		8D6A274122E9A029000A5D38 /* PBXTargetDependency */ = {
			isa = PBXTargetDependency;
			target = 8D6A272622E9A028000A5D38 /* TestSuper */;
			targetProxy = 8D6A274022E9A029000A5D38 /* PBXContainerItemProxy */;
		};
		8D6A274C22E9A029000A5D38 /* PBXTargetDependency */ = {
			isa = PBXTargetDependency;
			target = 8D6A272622E9A028000A5D38 /* TestSuper */;
			targetProxy = 8D6A274B22E9A029000A5D38 /* PBXContainerItemProxy */;
		};
/* End PBXTargetDependency section */

/* Begin PBXVariantGroup section */
		8D6A273022E9A028000A5D38 /* Main.storyboard */ = {
			isa = PBXVariantGroup;
			children = (
				8D6A273122E9A028000A5D38 /* Base */,
			);
			name = Main.storyboard;
			sourceTree = "<group>";
		};
		8D6A273522E9A029000A5D38 /* LaunchScreen.storyboard */ = {
			isa = PBXVariantGroup;
			children = (
				8D6A273622E9A029000A5D38 /* Base */,
			);
			name = LaunchScreen.storyboard;
			sourceTree = "<group>";
		};
/* End PBXVariantGroup section */

/* Begin XCBuildConfiguration section */
		8D6A275122E9A029000A5D38 /* Debug */ = {
			isa = XCBuildConfiguration;
			buildSettings = {
				ALWAYS_SEARCH_USER_PATHS = NO;
				CLANG_ANALYZER_NONNULL = YES;
				CLANG_ANALYZER_NUMBER_OBJECT_CONVERSION = YES_AGGRESSIVE;
				CLANG_CXX_LANGUAGE_STANDARD = "gnu++14";
				CLANG_CXX_LIBRARY = "libc++";
				CLANG_ENABLE_MODULES = YES;
				CLANG_ENABLE_OBJC_ARC = YES;
				CLANG_ENABLE_OBJC_WEAK = YES;
				CLANG_WARN_BLOCK_CAPTURE_AUTORELEASING = YES;
				CLANG_WARN_BOOL_CONVERSION = YES;
				CLANG_WARN_COMMA = YES;
				CLANG_WARN_CONSTANT_CONVERSION = YES;
				CLANG_WARN_DEPRECATED_OBJC_IMPLEMENTATIONS = YES;
				CLANG_WARN_DIRECT_OBJC_ISA_USAGE = YES_ERROR;
				CLANG_WARN_DOCUMENTATION_COMMENTS = YES;
				CLANG_WARN_EMPTY_BODY = YES;
				CLANG_WARN_ENUM_CONVERSION = YES;
				CLANG_WARN_INFINITE_RECURSION = YES;
				CLANG_WARN_INT_CONVERSION = YES;
				CLANG_WARN_NON_LITERAL_NULL_CONVERSION = YES;
				CLANG_WARN_OBJC_IMPLICIT_RETAIN_SELF = YES;
				CLANG_WARN_OBJC_LITERAL_CONVERSION = YES;
				CLANG_WARN_OBJC_ROOT_CLASS = YES_ERROR;
				CLANG_WARN_RANGE_LOOP_ANALYSIS = YES;
				CLANG_WARN_STRICT_PROTOTYPES = YES;
				CLANG_WARN_SUSPICIOUS_MOVE = YES;
				CLANG_WARN_UNGUARDED_AVAILABILITY = YES_AGGRESSIVE;
				CLANG_WARN_UNREACHABLE_CODE = YES;
				CLANG_WARN__DUPLICATE_METHOD_MATCH = YES;
				CODE_SIGN_IDENTITY = "iPhone Developer";
				COPY_PHASE_STRIP = NO;
				DEBUG_INFORMATION_FORMAT = dwarf;
				ENABLE_STRICT_OBJC_MSGSEND = YES;
				ENABLE_TESTABILITY = YES;
				GCC_C_LANGUAGE_STANDARD = gnu11;
				GCC_DYNAMIC_NO_PIC = NO;
				GCC_NO_COMMON_BLOCKS = YES;
				GCC_OPTIMIZATION_LEVEL = 0;
				GCC_PREPROCESSOR_DEFINITIONS = (
					"DEBUG=1",
					"$(inherited)",
				);
				GCC_WARN_64_TO_32_BIT_CONVERSION = YES;
				GCC_WARN_ABOUT_RETURN_TYPE = YES_ERROR;
				GCC_WARN_UNDECLARED_SELECTOR = YES;
				GCC_WARN_UNINITIALIZED_AUTOS = YES_AGGRESSIVE;
				GCC_WARN_UNUSED_FUNCTION = YES;
				GCC_WARN_UNUSED_VARIABLE = YES;
				IPHONEOS_DEPLOYMENT_TARGET = 12.1;
				MTL_ENABLE_DEBUG_INFO = INCLUDE_SOURCE;
				MTL_FAST_MATH = YES;
				ONLY_ACTIVE_ARCH = YES;
				SDKROOT = iphoneos;
			};
			name = Debug;
		};
		8D6A275222E9A029000A5D38 /* Release */ = {
			isa = XCBuildConfiguration;
			buildSettings = {
				ALWAYS_SEARCH_USER_PATHS = NO;
				CLANG_ANALYZER_NONNULL = YES;
				CLANG_ANALYZER_NUMBER_OBJECT_CONVERSION = YES_AGGRESSIVE;
				CLANG_CXX_LANGUAGE_STANDARD = "gnu++14";
				CLANG_CXX_LIBRARY = "libc++";
				CLANG_ENABLE_MODULES = YES;
				CLANG_ENABLE_OBJC_ARC = YES;
				CLANG_ENABLE_OBJC_WEAK = YES;
				CLANG_WARN_BLOCK_CAPTURE_AUTORELEASING = YES;
				CLANG_WARN_BOOL_CONVERSION = YES;
				CLANG_WARN_COMMA = YES;
				CLANG_WARN_CONSTANT_CONVERSION = YES;
				CLANG_WARN_DEPRECATED_OBJC_IMPLEMENTATIONS = YES;
				CLANG_WARN_DIRECT_OBJC_ISA_USAGE = YES_ERROR;
				CLANG_WARN_DOCUMENTATION_COMMENTS = YES;
				CLANG_WARN_EMPTY_BODY = YES;
				CLANG_WARN_ENUM_CONVERSION = YES;
				CLANG_WARN_INFINITE_RECURSION = YES;
				CLANG_WARN_INT_CONVERSION = YES;
				CLANG_WARN_NON_LITERAL_NULL_CONVERSION = YES;
				CLANG_WARN_OBJC_IMPLICIT_RETAIN_SELF = YES;
				CLANG_WARN_OBJC_LITERAL_CONVERSION = YES;
				CLANG_WARN_OBJC_ROOT_CLASS = YES_ERROR;
				CLANG_WARN_RANGE_LOOP_ANALYSIS = YES;
				CLANG_WARN_STRICT_PROTOTYPES = YES;
				CLANG_WARN_SUSPICIOUS_MOVE = YES;
				CLANG_WARN_UNGUARDED_AVAILABILITY = YES_AGGRESSIVE;
				CLANG_WARN_UNREACHABLE_CODE = YES;
				CLANG_WARN__DUPLICATE_METHOD_MATCH = YES;
				CODE_SIGN_IDENTITY = "iPhone Developer";
				COPY_PHASE_STRIP = NO;
				DEBUG_INFORMATION_FORMAT = "dwarf-with-dsym";
				ENABLE_NS_ASSERTIONS = NO;
				ENABLE_STRICT_OBJC_MSGSEND = YES;
				GCC_C_LANGUAGE_STANDARD = gnu11;
				GCC_NO_COMMON_BLOCKS = YES;
				GCC_WARN_64_TO_32_BIT_CONVERSION = YES;
				GCC_WARN_ABOUT_RETURN_TYPE = YES_ERROR;
				GCC_WARN_UNDECLARED_SELECTOR = YES;
				GCC_WARN_UNINITIALIZED_AUTOS = YES_AGGRESSIVE;
				GCC_WARN_UNUSED_FUNCTION = YES;
				GCC_WARN_UNUSED_VARIABLE = YES;
				IPHONEOS_DEPLOYMENT_TARGET = 12.1;
				MTL_ENABLE_DEBUG_INFO = NO;
				MTL_FAST_MATH = YES;
				SDKROOT = iphoneos;
				VALIDATE_PRODUCT = YES;
			};
			name = Release;
		};
		8D6A275422E9A029000A5D38 /* Debug */ = {
			isa = XCBuildConfiguration;
			buildSettings = {
				ASSETCATALOG_COMPILER_APPICON_NAME = AppIcon;
				CODE_SIGN_STYLE = Automatic;
				INFOPLIST_FILE = TestSuper/Info.plist;
				LD_RUNPATH_SEARCH_PATHS = (
					"$(inherited)",
					"@executable_path/Frameworks",
				);
				PRODUCT_BUNDLE_IDENTIFIER = com.dianrong.TestSuper;
				PRODUCT_NAME = "$(TARGET_NAME)";
				TARGETED_DEVICE_FAMILY = "1,2";
			};
			name = Debug;
		};
		8D6A275522E9A029000A5D38 /* Release */ = {
			isa = XCBuildConfiguration;
			buildSettings = {
				ASSETCATALOG_COMPILER_APPICON_NAME = AppIcon;
				CODE_SIGN_STYLE = Automatic;
				INFOPLIST_FILE = TestSuper/Info.plist;
				LD_RUNPATH_SEARCH_PATHS = (
					"$(inherited)",
					"@executable_path/Frameworks",
				);
				PRODUCT_BUNDLE_IDENTIFIER = com.dianrong.TestSuper;
				PRODUCT_NAME = "$(TARGET_NAME)";
				TARGETED_DEVICE_FAMILY = "1,2";
			};
			name = Release;
		};
		8D6A275722E9A029000A5D38 /* Debug */ = {
			isa = XCBuildConfiguration;
			buildSettings = {
				BUNDLE_LOADER = "$(TEST_HOST)";
				CODE_SIGN_STYLE = Automatic;
				INFOPLIST_FILE = TestSuperTests/Info.plist;
				LD_RUNPATH_SEARCH_PATHS = (
					"$(inherited)",
					"@executable_path/Frameworks",
					"@loader_path/Frameworks",
				);
				PRODUCT_BUNDLE_IDENTIFIER = com.dianrong.TestSuperTests;
				PRODUCT_NAME = "$(TARGET_NAME)";
				TARGETED_DEVICE_FAMILY = "1,2";
				TEST_HOST = "$(BUILT_PRODUCTS_DIR)/TestSuper.app/TestSuper";
			};
			name = Debug;
		};
		8D6A275822E9A029000A5D38 /* Release */ = {
			isa = XCBuildConfiguration;
			buildSettings = {
				BUNDLE_LOADER = "$(TEST_HOST)";
				CODE_SIGN_STYLE = Automatic;
				INFOPLIST_FILE = TestSuperTests/Info.plist;
				LD_RUNPATH_SEARCH_PATHS = (
					"$(inherited)",
					"@executable_path/Frameworks",
					"@loader_path/Frameworks",
				);
				PRODUCT_BUNDLE_IDENTIFIER = com.dianrong.TestSuperTests;
				PRODUCT_NAME = "$(TARGET_NAME)";
				TARGETED_DEVICE_FAMILY = "1,2";
				TEST_HOST = "$(BUILT_PRODUCTS_DIR)/TestSuper.app/TestSuper";
			};
			name = Release;
		};
		8D6A275A22E9A029000A5D38 /* Debug */ = {
			isa = XCBuildConfiguration;
			buildSettings = {
				CODE_SIGN_STYLE = Automatic;
				INFOPLIST_FILE = TestSuperUITests/Info.plist;
				LD_RUNPATH_SEARCH_PATHS = (
					"$(inherited)",
					"@executable_path/Frameworks",
					"@loader_path/Frameworks",
				);
				PRODUCT_BUNDLE_IDENTIFIER = com.dianrong.TestSuperUITests;
				PRODUCT_NAME = "$(TARGET_NAME)";
				TARGETED_DEVICE_FAMILY = "1,2";
				TEST_TARGET_NAME = TestSuper;
			};
			name = Debug;
		};
		8D6A275B22E9A029000A5D38 /* Release */ = {
			isa = XCBuildConfiguration;
			buildSettings = {
				CODE_SIGN_STYLE = Automatic;
				INFOPLIST_FILE = TestSuperUITests/Info.plist;
				LD_RUNPATH_SEARCH_PATHS = (
					"$(inherited)",
					"@executable_path/Frameworks",
					"@loader_path/Frameworks",
				);
				PRODUCT_BUNDLE_IDENTIFIER = com.dianrong.TestSuperUITests;
				PRODUCT_NAME = "$(TARGET_NAME)";
				TARGETED_DEVICE_FAMILY = "1,2";
				TEST_TARGET_NAME = TestSuper;
			};
			name = Release;
		};
/* End XCBuildConfiguration section */

/* Begin XCConfigurationList section */
		8D6A272222E9A028000A5D38 /* Build configuration list for PBXProject "TestSuper" */ = {
			isa = XCConfigurationList;
			buildConfigurations = (
				8D6A275122E9A029000A5D38 /* Debug */,
				8D6A275222E9A029000A5D38 /* Release */,
			);
			defaultConfigurationIsVisible = 0;
			defaultConfigurationName = Release;
		};
		8D6A275322E9A029000A5D38 /* Build configuration list for PBXNativeTarget "TestSuper" */ = {
			isa = XCConfigurationList;
			buildConfigurations = (
				8D6A275422E9A029000A5D38 /* Debug */,
				8D6A275522E9A029000A5D38 /* Release */,
			);
			defaultConfigurationIsVisible = 0;
			defaultConfigurationName = Release;
		};
		8D6A275622E9A029000A5D38 /* Build configuration list for PBXNativeTarget "TestSuperTests" */ = {
			isa = XCConfigurationList;
			buildConfigurations = (
				8D6A275722E9A029000A5D38 /* Debug */,
				8D6A275822E9A029000A5D38 /* Release */,
			);
			defaultConfigurationIsVisible = 0;
			defaultConfigurationName = Release;
		};
		8D6A275922E9A029000A5D38 /* Build configuration list for PBXNativeTarget "TestSuperUITests" */ = {
			isa = XCConfigurationList;
			buildConfigurations = (
				8D6A275A22E9A029000A5D38 /* Debug */,
				8D6A275B22E9A029000A5D38 /* Release */,
			);
			defaultConfigurationIsVisible = 0;
			defaultConfigurationName = Release;
		};
/* End XCConfigurationList section */
	};
	rootObject = 8D6A271F22E9A028000A5D38 /* Project object */;
}
